# THIS IS AN AUTOGENERATED FILE. DO NOT EDIT THIS FILE DIRECTLY.
# yarn lockfile v1


"@babel/runtime@^7.1.2", "@babel/runtime@^7.12.1", "@babel/runtime@^7.3.1", "@babel/runtime@^7.4.4", "@babel/runtime@^7.5.5", "@babel/runtime@^7.8.3", "@babel/runtime@^7.8.7":
  version "7.12.5"
  resolved "https://registry.npm.taobao.org/@babel/runtime/download/@babel/runtime-7.12.5.tgz?cache=0&sync_timestamp=1604443606981&other_urls=https%3A%2F%2Fregistry.npm.taobao.org%2F%40babel%2Fruntime%2Fdownload%2F%40babel%2Fruntime-7.12.5.tgz#410e7e487441e1b360c29be715d870d9b985882e"
  integrity sha1-QQ5+SHRB4bNgwpvnFdhw2bmFiC4=
  dependencies:
    regenerator-runtime "^0.13.4"

"@emotion/hash@^0.8.0":
  version "0.8.0"
  resolved "https://registry.npm.taobao.org/@emotion/hash/download/@emotion/hash-0.8.0.tgz#bbbff68978fefdbe68ccb533bc8cbe1d1afb5413"
  integrity sha1-u7/2iXj+/b5ozLUzvIy+HRr7VBM=

"@material-ui/core@^4.11.2":
  version "4.11.2"
  resolved "https://registry.npm.taobao.org/@material-ui/core/download/@material-ui/core-4.11.2.tgz#f8276dfa40d88304e6ceb98962af73803d27d42d"
  integrity sha1-+Cdt+kDYgwTmzrmJYq9zgD0n1C0=
  dependencies:
    "@babel/runtime" "^7.4.4"
    "@material-ui/styles" "^4.11.2"
    "@material-ui/system" "^4.11.2"
    "@material-ui/types" "^5.1.0"
    "@material-ui/utils" "^4.11.2"
    "@types/react-transition-group" "^4.2.0"
    clsx "^1.0.4"
    hoist-non-react-statics "^3.3.2"
    popper.js "1.16.1-lts"
    prop-types "^15.7.2"
    react-is "^16.8.0 || ^17.0.0"
    react-transition-group "^4.4.0"

"@material-ui/icons@^4.11.2":
  version "4.11.2"
  resolved "https://registry.npm.taobao.org/@material-ui/icons/download/@material-ui/icons-4.11.2.tgz#b3a7353266519cd743b6461ae9fdfcb1b25eb4c5"
  integrity sha1-s6c1MmZRnNdDtkYa6f38sbJetMU=
  dependencies:
    "@babel/runtime" "^7.4.4"

"@material-ui/styles@^4.11.2":
  version "4.11.2"
  resolved "https://registry.npm.taobao.org/@material-ui/styles/download/@material-ui/styles-4.11.2.tgz#e70558be3f41719e8c0d63c7a3c9ae163fdc84cb"
  integrity sha1-5wVYvj9BcZ6MDWPHo8muFj/chMs=
  dependencies:
    "@babel/runtime" "^7.4.4"
    "@emotion/hash" "^0.8.0"
    "@material-ui/types" "^5.1.0"
    "@material-ui/utils" "^4.11.2"
    clsx "^1.0.4"
    csstype "^2.5.2"
    hoist-non-react-statics "^3.3.2"
    jss "^10.0.3"
    jss-plugin-camel-case "^10.0.3"
    jss-plugin-default-unit "^10.0.3"
    jss-plugin-global "^10.0.3"
    jss-plugin-nested "^10.0.3"
    jss-plugin-props-sort "^10.0.3"
    jss-plugin-rule-value-function "^10.0.3"
    jss-plugin-vendor-prefixer "^10.0.3"
    prop-types "^15.7.2"

"@material-ui/system@^4.11.2":
  version "4.11.2"
  resolved "https://registry.npm.taobao.org/@material-ui/system/download/@material-ui/system-4.11.2.tgz#7f0a754bba3673ed5fdbfa02fe438096c104b1f6"
  integrity sha1-fwp1S7o2c+1f2/oC/kOAlsEEsfY=
  dependencies:
    "@babel/runtime" "^7.4.4"
    "@material-ui/utils" "^4.11.2"
    csstype "^2.5.2"
    prop-types "^15.7.2"

"@material-ui/types@^5.1.0":
  version "5.1.0"
  resolved "https://registry.npm.taobao.org/@material-ui/types/download/@material-ui/types-5.1.0.tgz#efa1c7a0b0eaa4c7c87ac0390445f0f88b0d88f2"
  integrity sha1-76HHoLDqpMfIesA5BEXw+IsNiPI=

"@material-ui/utils@^4.11.2":
  version "4.11.2"
  resolved "https://registry.npm.taobao.org/@material-ui/utils/download/@material-ui/utils-4.11.2.tgz#f1aefa7e7dff2ebcb97d31de51aecab1bb57540a"
  integrity sha1-8a76fn3/Lry5fTHeUa7KsbtXVAo=
  dependencies:
    "@babel/runtime" "^7.4.4"
    prop-types "^15.7.2"
    react-is "^16.8.0 || ^17.0.0"

"@types/history@*":
  version "4.7.8"
  resolved "https://registry.npm.taobao.org/@types/history/download/@types/history-4.7.8.tgz?cache=0&sync_timestamp=1605053835793&other_urls=https%3A%2F%2Fregistry.npm.taobao.org%2F%40types%2Fhistory%2Fdownload%2F%40types%2Fhistory-4.7.8.tgz#49348387983075705fe8f4e02fb67f7daaec4934"
  integrity sha1-STSDh5gwdXBf6PTgL7Z/farsSTQ=

"@types/json-schema@^7.0.6":
  version "7.0.6"
  resolved "https://registry.npm.taobao.org/@types/json-schema/download/@types/json-schema-7.0.6.tgz#f4c7ec43e81b319a9815115031709f26987891f0"
  integrity sha1-9MfsQ+gbMZqYFRFQMXCfJph4kfA=

"@types/prop-types@*":
  version "15.7.3"
  resolved "https://registry.npm.taobao.org/@types/prop-types/download/@types/prop-types-15.7.3.tgz#2ab0d5da2e5815f94b0b9d4b95d1e5f243ab2ca7"
  integrity sha1-KrDV2i5YFflLC51LldHl8kOrLKc=

"@types/react-dom@^17.0.0":
  version "17.0.0"
  resolved "https://registry.npm.taobao.org/@types/react-dom/download/@types/react-dom-17.0.0.tgz?cache=0&sync_timestamp=1605907959566&other_urls=https%3A%2F%2Fregistry.npm.taobao.org%2F%40types%2Freact-dom%2Fdownload%2F%40types%2Freact-dom-17.0.0.tgz#b3b691eb956c4b3401777ee67b900cb28415d95a"
  integrity sha1-s7aR65VsSzQBd37me5AMsoQV2Vo=
  dependencies:
    "@types/react" "*"

"@types/react-router-dom@^5.1.7":
  version "5.1.7"
  resolved "https://registry.npm.taobao.org/@types/react-router-dom/download/@types/react-router-dom-5.1.7.tgz#a126d9ea76079ffbbdb0d9225073eb5797ab7271"
  integrity sha1-oSbZ6nYHn/u9sNkiUHPrV5ercnE=
  dependencies:
    "@types/history" "*"
    "@types/react" "*"
    "@types/react-router" "*"

"@types/react-router@*":
  version "5.1.11"
  resolved "https://registry.npm.taobao.org/@types/react-router/download/@types/react-router-5.1.11.tgz?cache=0&sync_timestamp=1610127615660&other_urls=https%3A%2F%2Fregistry.npm.taobao.org%2F%40types%2Freact-router%2Fdownload%2F%40types%2Freact-router-5.1.11.tgz#b01ce4cb21bf7d6b32edc862fc1e2c0088044b5b"
  integrity sha1-sBzkyyG/fWsy7chi/B4sAIgES1s=
  dependencies:
    "@types/history" "*"
    "@types/react" "*"

"@types/react-transition-group@^4.2.0":
  version "4.4.0"
  resolved "https://registry.npm.taobao.org/@types/react-transition-group/download/@types/react-transition-group-4.4.0.tgz#882839db465df1320e4753e6e9f70ca7e9b4d46d"
  integrity sha1-iCg520Zd8TIOR1Pm6fcMp+m01G0=
  dependencies:
    "@types/react" "*"

"@types/react@*", "@types/react@^17.0.0":
  version "17.0.0"
  resolved "https://registry.npm.taobao.org/@types/react/download/@types/react-17.0.0.tgz?cache=0&sync_timestamp=1606158558386&other_urls=https%3A%2F%2Fregistry.npm.taobao.org%2F%40types%2Freact%2Fdownload%2F%40types%2Freact-17.0.0.tgz#5af3eb7fad2807092f0046a1302b7823e27919b8"
  integrity sha1-WvPrf60oBwkvAEahMCt4I+J5Gbg=
  dependencies:
    "@types/prop-types" "*"
    csstype "^3.0.2"

ajv-keywords@^3.5.2:
  version "3.5.2"
  resolved "https://registry.npm.taobao.org/ajv-keywords/download/ajv-keywords-3.5.2.tgz#31f29da5ab6e00d1c2d329acf7b5929614d5014d"
  integrity sha1-MfKdpatuANHC0yms97WSlhTVAU0=

ajv@^6.12.5:
  version "6.12.6"
  resolved "https://registry.npm.taobao.org/ajv/download/ajv-6.12.6.tgz?cache=0&sync_timestamp=1609583946707&other_urls=https%3A%2F%2Fregistry.npm.taobao.org%2Fajv%2Fdownload%2Fajv-6.12.6.tgz#baf5a62e802b07d977034586f8c3baf5adf26df4"
  integrity sha1-uvWmLoArB9l3A0WG+MO69a3ybfQ=
  dependencies:
    fast-deep-equal "^3.1.1"
    fast-json-stable-stringify "^2.0.0"
    json-schema-traverse "^0.4.1"
    uri-js "^4.2.2"

big.js@^5.2.2:
  version "5.2.2"
  resolved "https://registry.npm.taobao.org/big.js/download/big.js-5.2.2.tgz#65f0af382f578bcdc742bd9c281e9cb2d7768328"
  integrity sha1-ZfCvOC9Xi83HQr2cKB6cstd2gyg=

clsx@^1.0.4:
  version "1.1.1"
  resolved "https://registry.npm.taobao.org/clsx/download/clsx-1.1.1.tgz#98b3134f9abbdf23b2663491ace13c5c03a73188"
  integrity sha1-mLMTT5q73yOyZjSRrOE8XAOnMYg=

css-vendor@^2.0.8:
  version "2.0.8"
  resolved "https://registry.npm.taobao.org/css-vendor/download/css-vendor-2.0.8.tgz#e47f91d3bd3117d49180a3c935e62e3d9f7f449d"
  integrity sha1-5H+R070xF9SRgKPJNeYuPZ9/RJ0=
  dependencies:
    "@babel/runtime" "^7.8.3"
    is-in-browser "^1.0.2"

csstype@^2.5.2:
  version "2.6.14"
  resolved "https://registry.npm.taobao.org/csstype/download/csstype-2.6.14.tgz?cache=0&sync_timestamp=1610107151406&other_urls=https%3A%2F%2Fregistry.npm.taobao.org%2Fcsstype%2Fdownload%2Fcsstype-2.6.14.tgz#004822a4050345b55ad4dcc00be1d9cf2f4296de"
  integrity sha1-AEgipAUDRbVa1NzAC+HZzy9Clt4=

csstype@^3.0.2:
  version "3.0.6"
  resolved "https://registry.npm.taobao.org/csstype/download/csstype-3.0.6.tgz?cache=0&sync_timestamp=1610107151406&other_urls=https%3A%2F%2Fregistry.npm.taobao.org%2Fcsstype%2Fdownload%2Fcsstype-3.0.6.tgz#865d0b5833d7d8d40f4e5b8a6d76aea3de4725ef"
  integrity sha1-hl0LWDPX2NQPTluKbXauo95HJe8=

dom-helpers@^5.0.1:
  version "5.2.0"
  resolved "https://registry.npm.taobao.org/dom-helpers/download/dom-helpers-5.2.0.tgz#57fd054c5f8f34c52a3eeffdb7e7e93cd357d95b"
  integrity sha1-V/0FTF+PNMUqPu/9t+fpPNNX2Vs=
  dependencies:
    "@babel/runtime" "^7.8.7"
    csstype "^3.0.2"

emojis-list@^3.0.0:
  version "3.0.0"
  resolved "https://registry.npm.taobao.org/emojis-list/download/emojis-list-3.0.0.tgz#5570662046ad29e2e916e71aae260abdff4f6a78"
  integrity sha1-VXBmIEatKeLpFucariYKvf9Pang=

fast-deep-equal@^3.1.1:
  version "3.1.3"
  resolved "https://registry.npm.taobao.org/fast-deep-equal/download/fast-deep-equal-3.1.3.tgz#3a7d56b559d6cbc3eb512325244e619a65c6c525"
  integrity sha1-On1WtVnWy8PrUSMlJE5hmmXGxSU=

fast-json-stable-stringify@^2.0.0:
  version "2.1.0"
  resolved "https://registry.npm.taobao.org/fast-json-stable-stringify/download/fast-json-stable-stringify-2.1.0.tgz#874bf69c6f404c2b5d99c481341399fd55892633"
  integrity sha1-h0v2nG9ATCtdmcSBNBOZ/VWJJjM=

history@^4.9.0:
  version "4.10.1"
  resolved "https://registry.npm.taobao.org/history/download/history-4.10.1.tgz#33371a65e3a83b267434e2b3f3b1b4c58aad4cf3"
  integrity sha1-MzcaZeOoOyZ0NOKz87G0xYqtTPM=
  dependencies:
    "@babel/runtime" "^7.1.2"
    loose-envify "^1.2.0"
    resolve-pathname "^3.0.0"
    tiny-invariant "^1.0.2"
    tiny-warning "^1.0.0"
    value-equal "^1.0.1"

hoist-non-react-statics@^3.1.0, hoist-non-react-statics@^3.3.2:
  version "3.3.2"
  resolved "https://registry.npm.taobao.org/hoist-non-react-statics/download/hoist-non-react-statics-3.3.2.tgz#ece0acaf71d62c2969c2ec59feff42a4b1a85b45"
  integrity sha1-7OCsr3HWLClpwuxZ/v9CpLGoW0U=
  dependencies:
    react-is "^16.7.0"

hyphenate-style-name@^1.0.3:
  version "1.0.4"
  resolved "https://registry.npm.taobao.org/hyphenate-style-name/download/hyphenate-style-name-1.0.4.tgz#691879af8e220aea5750e8827db4ef62a54e361d"
  integrity sha1-aRh5r44iCupXUOiCfbTvYqVONh0=

indefinite-observable@^2.0.1:
  version "2.0.1"
  resolved "https://registry.npm.taobao.org/indefinite-observable/download/indefinite-observable-2.0.1.tgz#574af29bfbc17eb5947793797bddc94c9d859400"
  integrity sha1-V0rym/vBfrWUd5N5e93JTJ2FlAA=
  dependencies:
    symbol-observable "1.2.0"

is-in-browser@^1.0.2, is-in-browser@^1.1.3:
  version "1.1.3"
  resolved "https://registry.npm.taobao.org/is-in-browser/download/is-in-browser-1.1.3.tgz#56ff4db683a078c6082eb95dad7dc62e1d04f835"
  integrity sha1-Vv9NtoOgeMYILrldrX3GLh0E+DU=

isarray@0.0.1:
  version "0.0.1"
  resolved "https://registry.npm.taobao.org/isarray/download/isarray-0.0.1.tgz#8a18acfca9a8f4177e09abfc6038939b05d1eedf"
  integrity sha1-ihis/Kmo9Bd+Cav8YDiTmwXR7t8=

"js-tokens@^3.0.0 || ^4.0.0":
  version "4.0.0"
  resolved "https://registry.npm.taobao.org/js-tokens/download/js-tokens-4.0.0.tgz#19203fb59991df98e3a287050d4647cdeaf32499"
  integrity sha1-GSA/tZmR35jjoocFDUZHzerzJJk=

json-schema-traverse@^0.4.1:
  version "0.4.1"
  resolved "https://registry.npm.taobao.org/json-schema-traverse/download/json-schema-traverse-0.4.1.tgz?cache=0&sync_timestamp=1608000211395&other_urls=https%3A%2F%2Fregistry.npm.taobao.org%2Fjson-schema-traverse%2Fdownload%2Fjson-schema-traverse-0.4.1.tgz#69f6a87d9513ab8bb8fe63bdb0979c448e684660"
  integrity sha1-afaofZUTq4u4/mO9sJecRI5oRmA=

json5@^2.1.2:
  version "2.1.3"
  resolved "https://registry.npm.taobao.org/json5/download/json5-2.1.3.tgz#c9b0f7fa9233bfe5807fe66fcf3a5617ed597d43"
  integrity sha1-ybD3+pIzv+WAf+ZvzzpWF+1ZfUM=
  dependencies:
    minimist "^1.2.5"

jss-plugin-camel-case@^10.0.3:
  version "10.5.0"
  resolved "https://registry.npm.taobao.org/jss-plugin-camel-case/download/jss-plugin-camel-case-10.5.0.tgz#4b0a9c85e65e5eb72cbfba59373686c604d88f72"
  integrity sha1-SwqcheZeXrcsv7pZNzaGxgTYj3I=
  dependencies:
    "@babel/runtime" "^7.3.1"
    hyphenate-style-name "^1.0.3"
    jss "10.5.0"

jss-plugin-default-unit@^10.0.3:
  version "10.5.0"
  resolved "https://registry.npm.taobao.org/jss-plugin-default-unit/download/jss-plugin-default-unit-10.5.0.tgz#e9f2e89741b0118ba15d52b4c13bda2b27262373"
  integrity sha1-6fLol0GwEYuhXVK0wTvaKycmI3M=
  dependencies:
    "@babel/runtime" "^7.3.1"
    jss "10.5.0"

jss-plugin-global@^10.0.3:
  version "10.5.0"
  resolved "https://registry.npm.taobao.org/jss-plugin-global/download/jss-plugin-global-10.5.0.tgz#eb357ccd35cb4894277fb2117a78d1e498668ad6"
  integrity sha1-6zV8zTXLSJQnf7IRenjR5JhmitY=
  dependencies:
    "@babel/runtime" "^7.3.1"
    jss "10.5.0"

jss-plugin-nested@^10.0.3:
  version "10.5.0"
  resolved "https://registry.npm.taobao.org/jss-plugin-nested/download/jss-plugin-nested-10.5.0.tgz#790c506432a23a63c71ceb5044e2ac85f0958702"
  integrity sha1-eQxQZDKiOmPHHOtQROKshfCVhwI=
  dependencies:
    "@babel/runtime" "^7.3.1"
    jss "10.5.0"
    tiny-warning "^1.0.2"

jss-plugin-props-sort@^10.0.3:
  version "10.5.0"
  resolved "https://registry.npm.taobao.org/jss-plugin-props-sort/download/jss-plugin-props-sort-10.5.0.tgz#5bcc3bd8e68cd3e2dafb47d67db28fd5a4fcf102"
  integrity sha1-W8w72OaM0+La+0fWfbKP1aT88QI=
  dependencies:
    "@babel/runtime" "^7.3.1"
    jss "10.5.0"

jss-plugin-rule-value-function@^10.0.3:
  version "10.5.0"
  resolved "https://registry.npm.taobao.org/jss-plugin-rule-value-function/download/jss-plugin-rule-value-function-10.5.0.tgz#60ee8240dfe60418e1ba4729adee893cbe9be7a3"
  integrity sha1-YO6CQN/mBBjhukcpre6JPL6b56M=
  dependencies:
    "@babel/runtime" "^7.3.1"
    jss "10.5.0"
    tiny-warning "^1.0.2"

jss-plugin-vendor-prefixer@^10.0.3:
  version "10.5.0"
  resolved "https://registry.npm.taobao.org/jss-plugin-vendor-prefixer/download/jss-plugin-vendor-prefixer-10.5.0.tgz#01f04cfff31f43f153f5d71972f5800b10a2eb84"
  integrity sha1-AfBM//MfQ/FT9dcZcvWACxCi64Q=
  dependencies:
    "@babel/runtime" "^7.3.1"
    css-vendor "^2.0.8"
    jss "10.5.0"

jss@10.5.0, jss@^10.0.3:
  version "10.5.0"
  resolved "https://registry.npm.taobao.org/jss/download/jss-10.5.0.tgz#0c2de8a29874b2dc8162ab7f34ef6573a87d9dd3"
  integrity sha1-DC3ooph0styBYqt/NO9lc6h9ndM=
  dependencies:
    "@babel/runtime" "^7.3.1"
    csstype "^3.0.2"
    indefinite-observable "^2.0.1"
    is-in-browser "^1.1.3"
    tiny-warning "^1.0.2"

loader-utils@^2.0.0:
  version "2.0.0"
  resolved "https://registry.npm.taobao.org/loader-utils/download/loader-utils-2.0.0.tgz#e4cace5b816d425a166b5f097e10cd12b36064b0"
  integrity sha1-5MrOW4FtQloWa18JfhDNErNgZLA=
  dependencies:
    big.js "^5.2.2"
    emojis-list "^3.0.0"
    json5 "^2.1.2"

loose-envify@^1.2.0, loose-envify@^1.3.1, loose-envify@^1.4.0:
  version "1.4.0"
  resolved "https://registry.npm.taobao.org/loose-envify/download/loose-envify-1.4.0.tgz#71ee51fa7be4caec1a63839f7e682d8132d30caf"
  integrity sha1-ce5R+nvkyuwaY4OffmgtgTLTDK8=
  dependencies:
    js-tokens "^3.0.0 || ^4.0.0"

mini-create-react-context@^0.4.0:
  version "0.4.1"
  resolved "https://registry.npm.taobao.org/mini-create-react-context/download/mini-create-react-context-0.4.1.tgz#072171561bfdc922da08a60c2197a497cc2d1d5e"
  integrity sha1-ByFxVhv9ySLaCKYMIZekl8wtHV4=
  dependencies:
    "@babel/runtime" "^7.12.1"
    tiny-warning "^1.0.3"

minimist@^1.2.5:
  version "1.2.5"
  resolved "https://registry.npm.taobao.org/minimist/download/minimist-1.2.5.tgz?cache=0&sync_timestamp=1606706583368&other_urls=https%3A%2F%2Fregistry.npm.taobao.org%2Fminimist%2Fdownload%2Fminimist-1.2.5.tgz#67d66014b66a6a8aaa0c083c5fd58df4e4e97602"
  integrity sha1-Z9ZgFLZqaoqqDAg8X9WN9OTpdgI=

object-assign@^4.1.1:
  version "4.1.1"
  resolved "https://registry.npm.taobao.org/object-assign/download/object-assign-4.1.1.tgz#2109adc7965887cfc05cbbd442cac8bfbb360863"
  integrity sha1-IQmtx5ZYh8/AXLvUQsrIv7s2CGM=

path-to-regexp@^1.7.0:
  version "1.8.0"
  resolved "https://registry.npm.taobao.org/path-to-regexp/download/path-to-regexp-1.8.0.tgz?cache=0&sync_timestamp=1601400247487&other_urls=https%3A%2F%2Fregistry.npm.taobao.org%2Fpath-to-regexp%2Fdownload%2Fpath-to-regexp-1.8.0.tgz#887b3ba9d84393e87a0a0b9f4cb756198b53548a"
  integrity sha1-iHs7qdhDk+h6CgufTLdWGYtTVIo=
  dependencies:
    isarray "0.0.1"

popper.js@1.16.1-lts:
  version "1.16.1-lts"
  resolved "https://registry.npm.taobao.org/popper.js/download/popper.js-1.16.1-lts.tgz#cf6847b807da3799d80ee3d6d2f90df8a3f50b05"
  integrity sha1-z2hHuAfaN5nYDuPW0vkN+KP1CwU=

prop-types@^15.6.2, prop-types@^15.7.2:
  version "15.7.2"
  resolved "https://registry.npm.taobao.org/prop-types/download/prop-types-15.7.2.tgz#52c41e75b8c87e72b9d9360e0206b99dcbffa6c5"
  integrity sha1-UsQedbjIfnK52TYOAga5ncv/psU=
  dependencies:
    loose-envify "^1.4.0"
    object-assign "^4.1.1"
    react-is "^16.8.1"

punycode@^2.1.0:
  version "2.1.1"
  resolved "https://registry.npm.taobao.org/punycode/download/punycode-2.1.1.tgz#b58b010ac40c22c5657616c8d2c2c02c7bf479ec"
  integrity sha1-tYsBCsQMIsVldhbI0sLALHv0eew=

raw-loader@^4.0.2:
  version "4.0.2"
  resolved "https://registry.npm.taobao.org/raw-loader/download/raw-loader-4.0.2.tgz#1aac6b7d1ad1501e66efdac1522c73e59a584eb6"
  integrity sha1-GqxrfRrRUB5m79rBUixz5ZpYTrY=
  dependencies:
    loader-utils "^2.0.0"
    schema-utils "^3.0.0"

react-is@^16.6.0, react-is@^16.7.0, react-is@^16.8.1:
  version "16.13.1"
  resolved "https://registry.npm.taobao.org/react-is/download/react-is-16.13.1.tgz?cache=0&sync_timestamp=1610380768320&other_urls=https%3A%2F%2Fregistry.npm.taobao.org%2Freact-is%2Fdownload%2Freact-is-16.13.1.tgz#789729a4dc36de2999dc156dd6c1d9c18cea56a4"
  integrity sha1-eJcppNw23imZ3BVt1sHZwYzqVqQ=

"react-is@^16.8.0 || ^17.0.0":
  version "17.0.1"
  resolved "https://registry.npm.taobao.org/react-is/download/react-is-17.0.1.tgz?cache=0&sync_timestamp=1610380768320&other_urls=https%3A%2F%2Fregistry.npm.taobao.org%2Freact-is%2Fdownload%2Freact-is-17.0.1.tgz#5b3531bd76a645a4c9fb6e693ed36419e3301339"
  integrity sha1-WzUxvXamRaTJ+25pPtNkGeMwEzk=

react-router-dom@^5.2.0:
  version "5.2.0"
  resolved "https://registry.npm.taobao.org/react-router-dom/download/react-router-dom-5.2.0.tgz?cache=0&sync_timestamp=1592608787345&other_urls=https%3A%2F%2Fregistry.npm.taobao.org%2Freact-router-dom%2Fdownload%2Freact-router-dom-5.2.0.tgz#9e65a4d0c45e13289e66c7b17c7e175d0ea15662"
  integrity sha1-nmWk0MReEyieZsexfH4XXQ6hVmI=
  dependencies:
    "@babel/runtime" "^7.1.2"
    history "^4.9.0"
    loose-envify "^1.3.1"
    prop-types "^15.6.2"
    react-router "5.2.0"
    tiny-invariant "^1.0.2"
    tiny-warning "^1.0.0"

react-router@5.2.0:
  version "5.2.0"
  resolved "https://registry.npm.taobao.org/react-router/download/react-router-5.2.0.tgz#424e75641ca8747fbf76e5ecca69781aa37ea293"
  integrity sha1-Qk51ZByodH+/duXsyml4GqN+opM=
  dependencies:
    "@babel/runtime" "^7.1.2"
    history "^4.9.0"
    hoist-non-react-statics "^3.1.0"
    loose-envify "^1.3.1"
    mini-create-react-context "^0.4.0"
    path-to-regexp "^1.7.0"
    prop-types "^15.6.2"
    react-is "^16.6.0"
    tiny-invariant "^1.0.2"
    tiny-warning "^1.0.0"

react-transition-group@^4.4.0:
  version "4.4.1"
  resolved "https://registry.npm.taobao.org/react-transition-group/download/react-transition-group-4.4.1.tgz#63868f9325a38ea5ee9535d828327f85773345c9"
  integrity sha1-Y4aPkyWjjqXulTXYKDJ/hXczRck=
  dependencies:
    "@babel/runtime" "^7.5.5"
    dom-helpers "^5.0.1"
    loose-envify "^1.4.0"
    prop-types "^15.6.2"

regenerator-runtime@^0.13.4:
  version "0.13.7"
  resolved "https://registry.npm.taobao.org/regenerator-runtime/download/regenerator-runtime-0.13.7.tgz#cac2dacc8a1ea675feaabaeb8ae833898ae46f55"
  integrity sha1-ysLazIoepnX+qrrriugziYrkb1U=

resolve-pathname@^3.0.0:
  version "3.0.0"
  resolved "https://registry.npm.taobao.org/resolve-pathname/download/resolve-pathname-3.0.0.tgz#99d02224d3cf263689becbb393bc560313025dcd"
  integrity sha1-mdAiJNPPJjaJvsuzk7xWAxMCXc0=

schema-utils@^3.0.0:
  version "3.0.0"
  resolved "https://registry.npm.taobao.org/schema-utils/download/schema-utils-3.0.0.tgz#67502f6aa2b66a2d4032b4279a2944978a0913ef"
  integrity sha1-Z1AvaqK2ai1AMrQnmilEl4oJE+8=
  dependencies:
    "@types/json-schema" "^7.0.6"
    ajv "^6.12.5"
    ajv-keywords "^3.5.2"

symbol-observable@1.2.0:
  version "1.2.0"
  resolved "https://registry.npm.taobao.org/symbol-observable/download/symbol-observable-1.2.0.tgz?cache=0&sync_timestamp=1604338205051&other_urls=https%3A%2F%2Fregistry.npm.taobao.org%2Fsymbol-observable%2Fdownload%2Fsymbol-observable-1.2.0.tgz#c22688aed4eab3cdc2dfeacbb561660560a00804"
  integrity sha1-wiaIrtTqs83C3+rLtWFmBWCgCAQ=

tiny-invariant@^1.0.2:
  version "1.1.0"
  resolved "https://registry.npm.taobao.org/tiny-invariant/download/tiny-invariant-1.1.0.tgz#634c5f8efdc27714b7f386c35e6760991d230875"
  integrity sha1-Y0xfjv3CdxS384bDXmdgmR0jCHU=

tiny-warning@^1.0.0, tiny-warning@^1.0.2, tiny-warning@^1.0.3:
  version "1.0.3"
  resolved "https://registry.npm.taobao.org/tiny-warning/download/tiny-warning-1.0.3.tgz#94a30db453df4c643d0fd566060d60a875d84754"
  integrity sha1-lKMNtFPfTGQ9D9VmBg1gqHXYR1Q=

uri-js@^4.2.2:
  version "4.4.1"
  resolved "https://registry.npm.taobao.org/uri-js/download/uri-js-4.4.1.tgz?cache=0&sync_timestamp=1610237586670&other_urls=https%3A%2F%2Fregistry.npm.taobao.org%2Furi-js%2Fdownload%2Furi-js-4.4.1.tgz#9b1a52595225859e55f669d928f88c6c57f2a77e"
  integrity sha1-mxpSWVIlhZ5V9mnZKPiMbFfyp34=
  dependencies:
    punycode "^2.1.0"

value-equal@^1.0.1:
  version "1.0.1"
  resolved "https://registry.npm.taobao.org/value-equal/download/value-equal-1.0.1.tgz#1e0b794c734c5c0cade179c437d356d931a34d6c"
  integrity sha1-Hgt5THNMXAyt4XnEN9NW2TGjTWw=
